// !$*UTF8*$!
{
	archiveVersion = 1;
	classes = {
	};
	objectVersion = 51;
	objects = {

/* Begin PBXBuildFile section */
		88014407256B5DC000BD25CD /* buttonWhite.swift in Sources */ = {isa = PBXBuildFile; fileRef = 88014406256B5DC000BD25CD /* buttonWhite.swift */; };
		887EA0522561D77200644E0C /* realizarQul.m in Sources */ = {isa = PBXBuildFile; fileRef = 887EA0512561D77200644E0C /* realizarQul.m */; };
		88C63A63255B2CD5006DB84C /* AppDelegate.swift in Sources */ = {isa = PBXBuildFile; fileRef = 88C63A62255B2CD5006DB84C /* AppDelegate.swift */; };
		88C63A65255B2CD5006DB84C /* SceneDelegate.swift in Sources */ = {isa = PBXBuildFile; fileRef = 88C63A64255B2CD5006DB84C /* SceneDelegate.swift */; };
		88C63A67255B2CD5006DB84C /* ViewController.swift in Sources */ = {isa = PBXBuildFile; fileRef = 88C63A66255B2CD5006DB84C /* ViewController.swift */; };
		88C63A6A255B2CD5006DB84C /* Main.storyboard in Resources */ = {isa = PBXBuildFile; fileRef = 88C63A68255B2CD5006DB84C /* Main.storyboard */; };
		88C63A6C255B2CD7006DB84C /* Assets.xcassets in Resources */ = {isa = PBXBuildFile; fileRef = 88C63A6B255B2CD7006DB84C /* Assets.xcassets */; };
		88C63A6F255B2CD7006DB84C /* LaunchScreen.storyboard in Resources */ = {isa = PBXBuildFile; fileRef = 88C63A6D255B2CD7006DB84C /* LaunchScreen.storyboard */; };
		88C63A7A255B2CD7006DB84C /* MOBBINGTests.swift in Sources */ = {isa = PBXBuildFile; fileRef = 88C63A79255B2CD7006DB84C /* MOBBINGTests.swift */; };
		88C63A85255B2CD7006DB84C /* MOBBINGUITests.swift in Sources */ = {isa = PBXBuildFile; fileRef = 88C63A84255B2CD7006DB84C /* MOBBINGUITests.swift */; };
		88C63A93255C8C49006DB84C /* CustomButton.swift in Sources */ = {isa = PBXBuildFile; fileRef = 88C63A92255C8C49006DB84C /* CustomButton.swift */; };
		88C63A95255CE71F006DB84C /* registroViewController.swift in Sources */ = {isa = PBXBuildFile; fileRef = 88C63A94255CE71F006DB84C /* registroViewController.swift */; };
		88C63A97255CE728006DB84C /* loginViewController.swift in Sources */ = {isa = PBXBuildFile; fileRef = 88C63A96255CE728006DB84C /* loginViewController.swift */; };
		88C63A99255CE740006DB84C /* listaOpcionesViewController.swift in Sources */ = {isa = PBXBuildFile; fileRef = 88C63A98255CE740006DB84C /* listaOpcionesViewController.swift */; };
		88C63A9B255CE74B006DB84C /* cuestionarioViewController.swift in Sources */ = {isa = PBXBuildFile; fileRef = 88C63A9A255CE74B006DB84C /* cuestionarioViewController.swift */; };
		88C63A9D255CE758006DB84C /* resultadosAnterioresViewController.swift in Sources */ = {isa = PBXBuildFile; fileRef = 88C63A9C255CE758006DB84C /* resultadosAnterioresViewController.swift */; };
		88C63A9F255CE769006DB84C /* editarInfoViewController.swift in Sources */ = {isa = PBXBuildFile; fileRef = 88C63A9E255CE769006DB84C /* editarInfoViewController.swift */; };
		88C63AA1255CE777006DB84C /* mostrarResultadosViewController.swift in Sources */ = {isa = PBXBuildFile; fileRef = 88C63AA0255CE777006DB84C /* mostrarResultadosViewController.swift */; };
		88C63AA32561053F006DB84C /* preguntas.plist in Resources */ = {isa = PBXBuildFile; fileRef = 88C63AA22561053F006DB84C /* preguntas.plist */; };
		88C63AA52561BF10006DB84C /* realizarCuestionarioViewController.swift in Sources */ = {isa = PBXBuildFile; fileRef = 88C63AA42561BF10006DB84C /* realizarCuestionarioViewController.swift */; };
		88C63AA72561C7B5006DB84C /* preguntas.json in Resources */ = {isa = PBXBuildFile; fileRef = 88C63AA62561C7B5006DB84C /* preguntas.json */; };
		F51F1620A56919794F0906E8 /* Pods_MOBBING.framework in Frameworks */ = {isa = PBXBuildFile; fileRef = 24B25A9E500E13CD0024C1E4 /* Pods_MOBBING.framework */; };
/* End PBXBuildFile section */

/* Begin PBXContainerItemProxy section */
		88C63A76255B2CD7006DB84C /* PBXContainerItemProxy */ = {
			isa = PBXContainerItemProxy;
			containerPortal = 88C63A57255B2CD5006DB84C /* Project object */;
			proxyType = 1;
			remoteGlobalIDString = 88C63A5E255B2CD5006DB84C;
			remoteInfo = MOBBING;
		};
		88C63A81255B2CD7006DB84C /* PBXContainerItemProxy */ = {
			isa = PBXContainerItemProxy;
			containerPortal = 88C63A57255B2CD5006DB84C /* Project object */;
			proxyType = 1;
			remoteGlobalIDString = 88C63A5E255B2CD5006DB84C;
			remoteInfo = MOBBING;
		};
/* End PBXContainerItemProxy section */

/* Begin PBXFileReference section */
		18E1497911496DAE382DE758 /* Pods-MOBBING.release.xcconfig */ = {isa = PBXFileReference; includeInIndex = 1; lastKnownFileType = text.xcconfig; name = "Pods-MOBBING.release.xcconfig"; path = "Target Support Files/Pods-MOBBING/Pods-MOBBING.release.xcconfig"; sourceTree = "<group>"; };
		24B25A9E500E13CD0024C1E4 /* Pods_MOBBING.framework */ = {isa = PBXFileReference; explicitFileType = wrapper.framework; includeInIndex = 0; path = Pods_MOBBING.framework; sourceTree = BUILT_PRODUCTS_DIR; };
		88014406256B5DC000BD25CD /* buttonWhite.swift */ = {isa = PBXFileReference; lastKnownFileType = sourcecode.swift; path = buttonWhite.swift; sourceTree = "<group>"; };
		887EA0502561D77100644E0C /* MOBBING-Bridging-Header.h */ = {isa = PBXFileReference; lastKnownFileType = sourcecode.c.h; path = "MOBBING-Bridging-Header.h"; sourceTree = "<group>"; };
		887EA0512561D77200644E0C /* realizarQul.m */ = {isa = PBXFileReference; lastKnownFileType = sourcecode.c.objc; path = realizarQul.m; sourceTree = "<group>"; };
		887EA0532561D7DE00644E0C /* realizarQul.h */ = {isa = PBXFileReference; lastKnownFileType = sourcecode.c.h; path = realizarQul.h; sourceTree = "<group>"; };
		88C63A5F255B2CD5006DB84C /* MOBBING.app */ = {isa = PBXFileReference; explicitFileType = wrapper.application; includeInIndex = 0; path = MOBBING.app; sourceTree = BUILT_PRODUCTS_DIR; };
		88C63A62255B2CD5006DB84C /* AppDelegate.swift */ = {isa = PBXFileReference; lastKnownFileType = sourcecode.swift; path = AppDelegate.swift; sourceTree = "<group>"; };
		88C63A64255B2CD5006DB84C /* SceneDelegate.swift */ = {isa = PBXFileReference; lastKnownFileType = sourcecode.swift; path = SceneDelegate.swift; sourceTree = "<group>"; };
		88C63A66255B2CD5006DB84C /* ViewController.swift */ = {isa = PBXFileReference; lastKnownFileType = sourcecode.swift; path = ViewController.swift; sourceTree = "<group>"; };
		88C63A69255B2CD5006DB84C /* Base */ = {isa = PBXFileReference; lastKnownFileType = file.storyboard; name = Base; path = Base.lproj/Main.storyboard; sourceTree = "<group>"; };
		88C63A6B255B2CD7006DB84C /* Assets.xcassets */ = {isa = PBXFileReference; lastKnownFileType = folder.assetcatalog; path = Assets.xcassets; sourceTree = "<group>"; };
		88C63A6E255B2CD7006DB84C /* Base */ = {isa = PBXFileReference; lastKnownFileType = file.storyboard; name = Base; path = Base.lproj/LaunchScreen.storyboard; sourceTree = "<group>"; };
		88C63A70255B2CD7006DB84C /* Info.plist */ = {isa = PBXFileReference; lastKnownFileType = text.plist.xml; path = Info.plist; sourceTree = "<group>"; };
		88C63A75255B2CD7006DB84C /* MOBBINGTests.xctest */ = {isa = PBXFileReference; explicitFileType = wrapper.cfbundle; includeInIndex = 0; path = MOBBINGTests.xctest; sourceTree = BUILT_PRODUCTS_DIR; };
		88C63A79255B2CD7006DB84C /* MOBBINGTests.swift */ = {isa = PBXFileReference; lastKnownFileType = sourcecode.swift; path = MOBBINGTests.swift; sourceTree = "<group>"; };
		88C63A7B255B2CD7006DB84C /* Info.plist */ = {isa = PBXFileReference; lastKnownFileType = text.plist.xml; path = Info.plist; sourceTree = "<group>"; };
		88C63A80255B2CD7006DB84C /* MOBBINGUITests.xctest */ = {isa = PBXFileReference; explicitFileType = wrapper.cfbundle; includeInIndex = 0; path = MOBBINGUITests.xctest; sourceTree = BUILT_PRODUCTS_DIR; };
		88C63A84255B2CD7006DB84C /* MOBBINGUITests.swift */ = {isa = PBXFileReference; lastKnownFileType = sourcecode.swift; path = MOBBINGUITests.swift; sourceTree = "<group>"; };
		88C63A86255B2CD7006DB84C /* Info.plist */ = {isa = PBXFileReference; lastKnownFileType = text.plist.xml; path = Info.plist; sourceTree = "<group>"; };
		88C63A92255C8C49006DB84C /* CustomButton.swift */ = {isa = PBXFileReference; lastKnownFileType = sourcecode.swift; path = CustomButton.swift; sourceTree = "<group>"; };
		88C63A94255CE71F006DB84C /* registroViewController.swift */ = {isa = PBXFileReference; lastKnownFileType = sourcecode.swift; path = registroViewController.swift; sourceTree = "<group>"; };
		88C63A96255CE728006DB84C /* loginViewController.swift */ = {isa = PBXFileReference; lastKnownFileType = sourcecode.swift; path = loginViewController.swift; sourceTree = "<group>"; };
		88C63A98255CE740006DB84C /* listaOpcionesViewController.swift */ = {isa = PBXFileReference; lastKnownFileType = sourcecode.swift; path = listaOpcionesViewController.swift; sourceTree = "<group>"; };
		88C63A9A255CE74B006DB84C /* cuestionarioViewController.swift */ = {isa = PBXFileReference; lastKnownFileType = sourcecode.swift; path = cuestionarioViewController.swift; sourceTree = "<group>"; };
		88C63A9C255CE758006DB84C /* resultadosAnterioresViewController.swift */ = {isa = PBXFileReference; lastKnownFileType = sourcecode.swift; path = resultadosAnterioresViewController.swift; sourceTree = "<group>"; };
		88C63A9E255CE769006DB84C /* editarInfoViewController.swift */ = {isa = PBXFileReference; lastKnownFileType = sourcecode.swift; path = editarInfoViewController.swift; sourceTree = "<group>"; };
		88C63AA0255CE777006DB84C /* mostrarResultadosViewController.swift */ = {isa = PBXFileReference; lastKnownFileType = sourcecode.swift; path = mostrarResultadosViewController.swift; sourceTree = "<group>"; };
		88C63AA22561053F006DB84C /* preguntas.plist */ = {isa = PBXFileReference; lastKnownFileType = text.plist.xml; path = preguntas.plist; sourceTree = "<group>"; };
		88C63AA42561BF10006DB84C /* realizarCuestionarioViewController.swift */ = {isa = PBXFileReference; lastKnownFileType = sourcecode.swift; path = realizarCuestionarioViewController.swift; sourceTree = "<group>"; };
		88C63AA62561C7B5006DB84C /* preguntas.json */ = {isa = PBXFileReference; fileEncoding = 4; lastKnownFileType = text.json; path = preguntas.json; sourceTree = "<group>"; };
		DA65DD3E59AC7D57E0352AAF /* Pods-MOBBING.debug.xcconfig */ = {isa = PBXFileReference; includeInIndex = 1; lastKnownFileType = text.xcconfig; name = "Pods-MOBBING.debug.xcconfig"; path = "Target Support Files/Pods-MOBBING/Pods-MOBBING.debug.xcconfig"; sourceTree = "<group>"; };
/* End PBXFileReference section */

/* Begin PBXFrameworksBuildPhase section */
		88C63A5C255B2CD5006DB84C /* Frameworks */ = {
			isa = PBXFrameworksBuildPhase;
			buildActionMask = 2147483647;
			files = (
				F51F1620A56919794F0906E8 /* Pods_MOBBING.framework in Frameworks */,
			);
			runOnlyForDeploymentPostprocessing = 0;
		};
		88C63A72255B2CD7006DB84C /* Frameworks */ = {
			isa = PBXFrameworksBuildPhase;
			buildActionMask = 2147483647;
			files = (
			);
			runOnlyForDeploymentPostprocessing = 0;
		};
		88C63A7D255B2CD7006DB84C /* Frameworks */ = {
			isa = PBXFrameworksBuildPhase;
			buildActionMask = 2147483647;
			files = (
			);
			runOnlyForDeploymentPostprocessing = 0;
		};
/* End PBXFrameworksBuildPhase section */

/* Begin PBXGroup section */
		2524A733803FF423A4A65383 /* Pods */ = {
			isa = PBXGroup;
			children = (
				DA65DD3E59AC7D57E0352AAF /* Pods-MOBBING.debug.xcconfig */,
				18E1497911496DAE382DE758 /* Pods-MOBBING.release.xcconfig */,
			);
			path = Pods;
			sourceTree = "<group>";
		};
		88C63A56255B2CD5006DB84C = {
			isa = PBXGroup;
			children = (
				88C63A61255B2CD5006DB84C /* MOBBING */,
				88C63A78255B2CD7006DB84C /* MOBBINGTests */,
				88C63A83255B2CD7006DB84C /* MOBBINGUITests */,
				88C63A60255B2CD5006DB84C /* Products */,
				2524A733803FF423A4A65383 /* Pods */,
				89B378F125BEB77B1F5AEDB4 /* Frameworks */,
			);
			sourceTree = "<group>";
		};
		88C63A60255B2CD5006DB84C /* Products */ = {
			isa = PBXGroup;
			children = (
				88C63A5F255B2CD5006DB84C /* MOBBING.app */,
				88C63A75255B2CD7006DB84C /* MOBBINGTests.xctest */,
				88C63A80255B2CD7006DB84C /* MOBBINGUITests.xctest */,
			);
			name = Products;
			sourceTree = "<group>";
		};
		88C63A61255B2CD5006DB84C /* MOBBING */ = {
			isa = PBXGroup;
			children = (
				88C63A62255B2CD5006DB84C /* AppDelegate.swift */,
				88C63A6B255B2CD7006DB84C /* Assets.xcassets */,
				88C63A9A255CE74B006DB84C /* cuestionarioViewController.swift */,
				88C63A92255C8C49006DB84C /* CustomButton.swift */,
				88014406256B5DC000BD25CD /* buttonWhite.swift */,
				88C63A9E255CE769006DB84C /* editarInfoViewController.swift */,
				88C63A70255B2CD7006DB84C /* Info.plist */,
				88C63A6D255B2CD7006DB84C /* LaunchScreen.storyboard */,
				88C63A98255CE740006DB84C /* listaOpcionesViewController.swift */,
				88C63A96255CE728006DB84C /* loginViewController.swift */,
				88C63A68255B2CD5006DB84C /* Main.storyboard */,
				887EA0502561D77100644E0C /* MOBBING-Bridging-Header.h */,
				88C63AA0255CE777006DB84C /* mostrarResultadosViewController.swift */,
				88C63AA62561C7B5006DB84C /* preguntas.json */,
				88C63AA22561053F006DB84C /* preguntas.plist */,
				88C63AA42561BF10006DB84C /* realizarCuestionarioViewController.swift */,
				887EA0532561D7DE00644E0C /* realizarQul.h */,
				887EA0512561D77200644E0C /* realizarQul.m */,
				88C63A94255CE71F006DB84C /* registroViewController.swift */,
				88C63A9C255CE758006DB84C /* resultadosAnterioresViewController.swift */,
				88C63A64255B2CD5006DB84C /* SceneDelegate.swift */,
				88C63A66255B2CD5006DB84C /* ViewController.swift */,
			);
			path = MOBBING;
			sourceTree = "<group>";
		};
		88C63A78255B2CD7006DB84C /* MOBBINGTests */ = {
			isa = PBXGroup;
			children = (
				88C63A79255B2CD7006DB84C /* MOBBINGTests.swift */,
				88C63A7B255B2CD7006DB84C /* Info.plist */,
			);
			path = MOBBINGTests;
			sourceTree = "<group>";
		};
		88C63A83255B2CD7006DB84C /* MOBBINGUITests */ = {
			isa = PBXGroup;
			children = (
				88C63A84255B2CD7006DB84C /* MOBBINGUITests.swift */,
				88C63A86255B2CD7006DB84C /* Info.plist */,
			);
			path = MOBBINGUITests;
			sourceTree = "<group>";
		};
		89B378F125BEB77B1F5AEDB4 /* Frameworks */ = {
			isa = PBXGroup;
			children = (
				24B25A9E500E13CD0024C1E4 /* Pods_MOBBING.framework */,
			);
			name = Frameworks;
			sourceTree = "<group>";
		};
/* End PBXGroup section */

/* Begin PBXNativeTarget section */
		88C63A5E255B2CD5006DB84C /* MOBBING */ = {
			isa = PBXNativeTarget;
			buildConfigurationList = 88C63A89255B2CD7006DB84C /* Build configuration list for PBXNativeTarget "MOBBING" */;
			buildPhases = (
				BD118F97F8816BCC8DB463D1 /* [CP] Check Pods Manifest.lock */,
				88C63A5B255B2CD5006DB84C /* Sources */,
				88C63A5C255B2CD5006DB84C /* Frameworks */,
				88C63A5D255B2CD5006DB84C /* Resources */,
				9204931AD4EBA054CFEC699C /* [CP] Embed Pods Frameworks */,
			);
			buildRules = (
			);
			dependencies = (
			);
			name = MOBBING;
			productName = MOBBING;
			productReference = 88C63A5F255B2CD5006DB84C /* MOBBING.app */;
			productType = "com.apple.product-type.application";
		};
		88C63A74255B2CD7006DB84C /* MOBBINGTests */ = {
			isa = PBXNativeTarget;
			buildConfigurationList = 88C63A8C255B2CD7006DB84C /* Build configuration list for PBXNativeTarget "MOBBINGTests" */;
			buildPhases = (
				88C63A71255B2CD7006DB84C /* Sources */,
				88C63A72255B2CD7006DB84C /* Frameworks */,
				88C63A73255B2CD7006DB84C /* Resources */,
			);
			buildRules = (
			);
			dependencies = (
				88C63A77255B2CD7006DB84C /* PBXTargetDependency */,
			);
			name = MOBBINGTests;
			productName = MOBBINGTests;
			productReference = 88C63A75255B2CD7006DB84C /* MOBBINGTests.xctest */;
			productType = "com.apple.product-type.bundle.unit-test";
		};
		88C63A7F255B2CD7006DB84C /* MOBBINGUITests */ = {
			isa = PBXNativeTarget;
			buildConfigurationList = 88C63A8F255B2CD7006DB84C /* Build configuration list for PBXNativeTarget "MOBBINGUITests" */;
			buildPhases = (
				88C63A7C255B2CD7006DB84C /* Sources */,
				88C63A7D255B2CD7006DB84C /* Frameworks */,
				88C63A7E255B2CD7006DB84C /* Resources */,
			);
			buildRules = (
			);
			dependencies = (
				88C63A82255B2CD7006DB84C /* PBXTargetDependency */,
			);
			name = MOBBINGUITests;
			productName = MOBBINGUITests;
			productReference = 88C63A80255B2CD7006DB84C /* MOBBINGUITests.xctest */;
			productType = "com.apple.product-type.bundle.ui-testing";
		};
/* End PBXNativeTarget section */

/* Begin PBXProject section */
		88C63A57255B2CD5006DB84C /* Project object */ = {
			isa = PBXProject;
			attributes = {
				LastSwiftUpdateCheck = 1130;
				LastUpgradeCheck = 1130;
				ORGANIZATIONNAME = "Luis Alberto Angeles Morales";
				TargetAttributes = {
					88C63A5E255B2CD5006DB84C = {
						CreatedOnToolsVersion = 11.3.1;
						LastSwiftMigration = 1130;
					};
					88C63A74255B2CD7006DB84C = {
						CreatedOnToolsVersion = 11.3.1;
						TestTargetID = 88C63A5E255B2CD5006DB84C;
					};
					88C63A7F255B2CD7006DB84C = {
						CreatedOnToolsVersion = 11.3.1;
						TestTargetID = 88C63A5E255B2CD5006DB84C;
					};
				};
			};
			buildConfigurationList = 88C63A5A255B2CD5006DB84C /* Build configuration list for PBXProject "MOBBING" */;
			compatibilityVersion = "Xcode 9.3";
			developmentRegion = en;
			hasScannedForEncodings = 0;
			knownRegions = (
				en,
				Base,
			);
			mainGroup = 88C63A56255B2CD5006DB84C;
			productRefGroup = 88C63A60255B2CD5006DB84C /* Products */;
			projectDirPath = "";
			projectRoot = "";
			targets = (
				88C63A5E255B2CD5006DB84C /* MOBBING */,
				88C63A74255B2CD7006DB84C /* MOBBINGTests */,
				88C63A7F255B2CD7006DB84C /* MOBBINGUITests */,
			);
		};
/* End PBXProject section */

/* Begin PBXResourcesBuildPhase section */
		88C63A5D255B2CD5006DB84C /* Resources */ = {
			isa = PBXResourcesBuildPhase;
			buildActionMask = 2147483647;
			files = (
				88C63A6F255B2CD7006DB84C /* LaunchScreen.storyboard in Resources */,
				88C63A6C255B2CD7006DB84C /* Assets.xcassets in Resources */,
				88C63AA72561C7B5006DB84C /* preguntas.json in Resources */,
				88C63AA32561053F006DB84C /* preguntas.plist in Resources */,
				88C63A6A255B2CD5006DB84C /* Main.storyboard in Resources */,
			);
			runOnlyForDeploymentPostprocessing = 0;
		};
		88C63A73255B2CD7006DB84C /* Resources */ = {
			isa = PBXResourcesBuildPhase;
			buildActionMask = 2147483647;
			files = (
			);
			runOnlyForDeploymentPostprocessing = 0;
		};
		88C63A7E255B2CD7006DB84C /* Resources */ = {
			isa = PBXResourcesBuildPhase;
			buildActionMask = 2147483647;
			files = (
			);
			runOnlyForDeploymentPostprocessing = 0;
		};
/* End PBXResourcesBuildPhase section */

/* Begin PBXShellScriptBuildPhase section */
		9204931AD4EBA054CFEC699C /* [CP] Embed Pods Frameworks */ = {
			isa = PBXShellScriptBuildPhase;
			buildActionMask = 2147483647;
			files = (
			);
			inputFileListPaths = (
				"${PODS_ROOT}/Target Support Files/Pods-MOBBING/Pods-MOBBING-frameworks-${CONFIGURATION}-input-files.xcfilelist",
			);
			name = "[CP] Embed Pods Frameworks";
			outputFileListPaths = (
				"${PODS_ROOT}/Target Support Files/Pods-MOBBING/Pods-MOBBING-frameworks-${CONFIGURATION}-output-files.xcfilelist",
			);
			runOnlyForDeploymentPostprocessing = 0;
			shellPath = /bin/sh;
			shellScript = "\"${PODS_ROOT}/Target Support Files/Pods-MOBBING/Pods-MOBBING-frameworks.sh\"\n";
			showEnvVarsInLog = 0;
		};
		BD118F97F8816BCC8DB463D1 /* [CP] Check Pods Manifest.lock */ = {
			isa = PBXShellScriptBuildPhase;
			buildActionMask = 2147483647;
			files = (
			);
			inputFileListPaths = (
			);
			inputPaths = (
				"${PODS_PODFILE_DIR_PATH}/Podfile.lock",
				"${PODS_ROOT}/Manifest.lock",
			);
			name = "[CP] Check Pods Manifest.lock";
			outputFileListPaths = (
			);
			outputPaths = (
				"$(DERIVED_FILE_DIR)/Pods-MOBBING-checkManifestLockResult.txt",
			);
			runOnlyForDeploymentPostprocessing = 0;
			shellPath = /bin/sh;
			shellScript = "diff \"${PODS_PODFILE_DIR_PATH}/Podfile.lock\" \"${PODS_ROOT}/Manifest.lock\" > /dev/null\nif [ $? != 0 ] ; then\n    # print error to STDERR\n    echo \"error: The sandbox is not in sync with the Podfile.lock. Run 'pod install' or update your CocoaPods installation.\" >&2\n    exit 1\nfi\n# This output is used by Xcode 'outputs' to avoid re-running this script phase.\necho \"SUCCESS\" > \"${SCRIPT_OUTPUT_FILE_0}\"\n";
			showEnvVarsInLog = 0;
		};
/* End PBXShellScriptBuildPhase section */

/* Begin PBXSourcesBuildPhase section */
		88C63A5B255B2CD5006DB84C /* Sources */ = {
			isa = PBXSourcesBuildPhase;
			buildActionMask = 2147483647;
			files = (
				88C63A93255C8C49006DB84C /* CustomButton.swift in Sources */,
				88C63A9F255CE769006DB84C /* editarInfoViewController.swift in Sources */,
				88C63A9D255CE758006DB84C /* resultadosAnterioresViewController.swift in Sources */,
				88C63A95255CE71F006DB84C /* registroViewController.swift in Sources */,
				88C63A97255CE728006DB84C /* loginViewController.swift in Sources */,
				88014407256B5DC000BD25CD /* buttonWhite.swift in Sources */,
				88C63A67255B2CD5006DB84C /* ViewController.swift in Sources */,
				88C63AA1255CE777006DB84C /* mostrarResultadosViewController.swift in Sources */,
				88C63A99255CE740006DB84C /* listaOpcionesViewController.swift in Sources */,
				88C63A63255B2CD5006DB84C /* AppDelegate.swift in Sources */,
				88C63AA52561BF10006DB84C /* realizarCuestionarioViewController.swift in Sources */,
				887EA0522561D77200644E0C /* realizarQul.m in Sources */,
				88C63A9B255CE74B006DB84C /* cuestionarioViewController.swift in Sources */,
				88C63A65255B2CD5006DB84C /* SceneDelegate.swift in Sources */,
			);
			runOnlyForDeploymentPostprocessing = 0;
		};
		88C63A71255B2CD7006DB84C /* Sources */ = {
			isa = PBXSourcesBuildPhase;
			buildActionMask = 2147483647;
			files = (
				88C63A7A255B2CD7006DB84C /* MOBBINGTests.swift in Sources */,
			);
			runOnlyForDeploymentPostprocessing = 0;
		};
		88C63A7C255B2CD7006DB84C /* Sources */ = {
			isa = PBXSourcesBuildPhase;
			buildActionMask = 2147483647;
			files = (
				88C63A85255B2CD7006DB84C /* MOBBINGUITests.swift in Sources */,
			);
			runOnlyForDeploymentPostprocessing = 0;
		};
/* End PBXSourcesBuildPhase section */

/* Begin PBXTargetDependency section */
		88C63A77255B2CD7006DB84C /* PBXTargetDependency */ = {
			isa = PBXTargetDependency;
			target = 88C63A5E255B2CD5006DB84C /* MOBBING */;
			targetProxy = 88C63A76255B2CD7006DB84C /* PBXContainerItemProxy */;
		};
		88C63A82255B2CD7006DB84C /* PBXTargetDependency */ = {
			isa = PBXTargetDependency;
			target = 88C63A5E255B2CD5006DB84C /* MOBBING */;
			targetProxy = 88C63A81255B2CD7006DB84C /* PBXContainerItemProxy */;
		};
/* End PBXTargetDependency section */

/* Begin PBXVariantGroup section */
		88C63A68255B2CD5006DB84C /* Main.storyboard */ = {
			isa = PBXVariantGroup;
			children = (
				88C63A69255B2CD5006DB84C /* Base */,
			);
			name = Main.storyboard;
			sourceTree = "<group>";
		};
		88C63A6D255B2CD7006DB84C /* LaunchScreen.storyboard */ = {
			isa = PBXVariantGroup;
			children = (
				88C63A6E255B2CD7006DB84C /* Base */,
			);
			name = LaunchScreen.storyboard;
			sourceTree = "<group>";
		};
/* End PBXVariantGroup section */

/* Begin XCBuildConfiguration section */
		88C63A87255B2CD7006DB84C /* Debug */ = {
			isa = XCBuildConfiguration;
			buildSettings = {
				ALWAYS_SEARCH_USER_PATHS = NO;
				CLANG_ANALYZER_NONNULL = YES;
				CLANG_ANALYZER_NUMBER_OBJECT_CONVERSION = YES_AGGRESSIVE;
				CLANG_CXX_LANGUAGE_STANDARD = "gnu++14";
				CLANG_CXX_LIBRARY = "libc++";
				CLANG_ENABLE_MODULES = YES;
				CLANG_ENABLE_OBJC_ARC = YES;
				CLANG_ENABLE_OBJC_WEAK = YES;
				CLANG_WARN_BLOCK_CAPTURE_AUTORELEASING = YES;
				CLANG_WARN_BOOL_CONVERSION = YES;
				CLANG_WARN_COMMA = YES;
				CLANG_WARN_CONSTANT_CONVERSION = YES;
				CLANG_WARN_DEPRECATED_OBJC_IMPLEMENTATIONS = YES;
				CLANG_WARN_DIRECT_OBJC_ISA_USAGE = YES_ERROR;
				CLANG_WARN_DOCUMENTATION_COMMENTS = YES;
				CLANG_WARN_EMPTY_BODY = YES;
				CLANG_WARN_ENUM_CONVERSION = YES;
				CLANG_WARN_INFINITE_RECURSION = YES;
				CLANG_WARN_INT_CONVERSION = YES;
				CLANG_WARN_NON_LITERAL_NULL_CONVERSION = YES;
				CLANG_WARN_OBJC_IMPLICIT_RETAIN_SELF = YES;
				CLANG_WARN_OBJC_LITERAL_CONVERSION = YES;
				CLANG_WARN_OBJC_ROOT_CLASS = YES_ERROR;
				CLANG_WARN_RANGE_LOOP_ANALYSIS = YES;
				CLANG_WARN_STRICT_PROTOTYPES = YES;
				CLANG_WARN_SUSPICIOUS_MOVE = YES;
				CLANG_WARN_UNGUARDED_AVAILABILITY = YES_AGGRESSIVE;
				CLANG_WARN_UNREACHABLE_CODE = YES;
				CLANG_WARN__DUPLICATE_METHOD_MATCH = YES;
				COPY_PHASE_STRIP = NO;
				DEBUG_INFORMATION_FORMAT = dwarf;
				ENABLE_STRICT_OBJC_MSGSEND = YES;
				ENABLE_TESTABILITY = YES;
				GCC_C_LANGUAGE_STANDARD = gnu11;
				GCC_DYNAMIC_NO_PIC = NO;
				GCC_NO_COMMON_BLOCKS = YES;
				GCC_OPTIMIZATION_LEVEL = 0;
				GCC_PREPROCESSOR_DEFINITIONS = (
					"DEBUG=1",
					"$(inherited)",
				);
				GCC_WARN_64_TO_32_BIT_CONVERSION = YES;
				GCC_WARN_ABOUT_RETURN_TYPE = YES_ERROR;
				GCC_WARN_UNDECLARED_SELECTOR = YES;
				GCC_WARN_UNINITIALIZED_AUTOS = YES_AGGRESSIVE;
				GCC_WARN_UNUSED_FUNCTION = YES;
				GCC_WARN_UNUSED_VARIABLE = YES;
				IPHONEOS_DEPLOYMENT_TARGET = 13.2;
				MTL_ENABLE_DEBUG_INFO = INCLUDE_SOURCE;
				MTL_FAST_MATH = YES;
				ONLY_ACTIVE_ARCH = YES;
				SDKROOT = iphoneos;
				SWIFT_ACTIVE_COMPILATION_CONDITIONS = DEBUG;
				SWIFT_OPTIMIZATION_LEVEL = "-Onone";
			};
			name = Debug;
		};
		88C63A88255B2CD7006DB84C /* Release */ = {
			isa = XCBuildConfiguration;
			buildSettings = {
				ALWAYS_SEARCH_USER_PATHS = NO;
				CLANG_ANALYZER_NONNULL = YES;
				CLANG_ANALYZER_NUMBER_OBJECT_CONVERSION = YES_AGGRESSIVE;
				CLANG_CXX_LANGUAGE_STANDARD = "gnu++14";
				CLANG_CXX_LIBRARY = "libc++";
				CLANG_ENABLE_MODULES = YES;
				CLANG_ENABLE_OBJC_ARC = YES;
				CLANG_ENABLE_OBJC_WEAK = YES;
				CLANG_WARN_BLOCK_CAPTURE_AUTORELEASING = YES;
				CLANG_WARN_BOOL_CONVERSION = YES;
				CLANG_WARN_COMMA = YES;
				CLANG_WARN_CONSTANT_CONVERSION = YES;
				CLANG_WARN_DEPRECATED_OBJC_IMPLEMENTATIONS = YES;
				CLANG_WARN_DIRECT_OBJC_ISA_USAGE = YES_ERROR;
				CLANG_WARN_DOCUMENTATION_COMMENTS = YES;
				CLANG_WARN_EMPTY_BODY = YES;
				CLANG_WARN_ENUM_CONVERSION = YES;
				CLANG_WARN_INFINITE_RECURSION = YES;
				CLANG_WARN_INT_CONVERSION = YES;
				CLANG_WARN_NON_LITERAL_NULL_CONVERSION = YES;
				CLANG_WARN_OBJC_IMPLICIT_RETAIN_SELF = YES;
				CLANG_WARN_OBJC_LITERAL_CONVERSION = YES;
				CLANG_WARN_OBJC_ROOT_CLASS = YES_ERROR;
				CLANG_WARN_RANGE_LOOP_ANALYSIS = YES;
				CLANG_WARN_STRICT_PROTOTYPES = YES;
				CLANG_WARN_SUSPICIOUS_MOVE = YES;
				CLANG_WARN_UNGUARDED_AVAILABILITY = YES_AGGRESSIVE;
				CLANG_WARN_UNREACHABLE_CODE = YES;
				CLANG_WARN__DUPLICATE_METHOD_MATCH = YES;
				COPY_PHASE_STRIP = NO;
				DEBUG_INFORMATION_FORMAT = "dwarf-with-dsym";
				ENABLE_NS_ASSERTIONS = NO;
				ENABLE_STRICT_OBJC_MSGSEND = YES;
				GCC_C_LANGUAGE_STANDARD = gnu11;
				GCC_NO_COMMON_BLOCKS = YES;
				GCC_WARN_64_TO_32_BIT_CONVERSION = YES;
				GCC_WARN_ABOUT_RETURN_TYPE = YES_ERROR;
				GCC_WARN_UNDECLARED_SELECTOR = YES;
				GCC_WARN_UNINITIALIZED_AUTOS = YES_AGGRESSIVE;
				GCC_WARN_UNUSED_FUNCTION = YES;
				GCC_WARN_UNUSED_VARIABLE = YES;
				IPHONEOS_DEPLOYMENT_TARGET = 13.2;
				MTL_ENABLE_DEBUG_INFO = NO;
				MTL_FAST_MATH = YES;
				SDKROOT = iphoneos;
				SWIFT_COMPILATION_MODE = wholemodule;
				SWIFT_OPTIMIZATION_LEVEL = "-O";
				VALIDATE_PRODUCT = YES;
			};
			name = Release;
		};
		88C63A8A255B2CD7006DB84C /* Debug */ = {
			isa = XCBuildConfiguration;
			baseConfigurationReference = DA65DD3E59AC7D57E0352AAF /* Pods-MOBBING.debug.xcconfig */;
			buildSettings = {
				ASSETCATALOG_COMPILER_APPICON_NAME = AppIcon;
				CLANG_ENABLE_MODULES = YES;
				CODE_SIGN_STYLE = Automatic;
				INFOPLIST_FILE = MOBBING/Info.plist;
				LD_RUNPATH_SEARCH_PATHS = (
					"$(inherited)",
					"@executable_path/Frameworks",
				);
				PRODUCT_BUNDLE_IDENTIFIER = luisangeles.MOBBING;
				PRODUCT_NAME = "$(TARGET_NAME)";
				SWIFT_OBJC_BRIDGING_HEADER = "MOBBING/MOBBING-Bridging-Header.h";
				SWIFT_OPTIMIZATION_LEVEL = "-Onone";
				SWIFT_VERSION = 5.0;
				TARGETED_DEVICE_FAMILY = "1,2";
			};
			name = Debug;
		};
		88C63A8B255B2CD7006DB84C /* Release */ = {
			isa = XCBuildConfiguration;
			baseConfigurationReference = 18E1497911496DAE382DE758 /* Pods-MOBBING.release.xcconfig */;
			buildSettings = {
				ASSETCATALOG_COMPILER_APPICON_NAME = AppIcon;
				CLANG_ENABLE_MODULES = YES;
				CODE_SIGN_STYLE = Automatic;
				INFOPLIST_FILE = MOBBING/Info.plist;
				LD_RUNPATH_SEARCH_PATHS = (
					"$(inherited)",
					"@executable_path/Frameworks",
				);
				PRODUCT_BUNDLE_IDENTIFIER = luisangeles.MOBBING;
				PRODUCT_NAME = "$(TARGET_NAME)";
				SWIFT_OBJC_BRIDGING_HEADER = "MOBBING/MOBBING-Bridging-Header.h";
				SWIFT_VERSION = 5.0;
				TARGETED_DEVICE_FAMILY = "1,2";
			};
			name = Release;
		};
		88C63A8D255B2CD7006DB84C /* Debug */ = {
			isa = XCBuildConfiguration;
			buildSettings = {
				ALWAYS_EMBED_SWIFT_STANDARD_LIBRARIES = YES;
				BUNDLE_LOADER = "$(TEST_HOST)";
				CODE_SIGN_STYLE = Automatic;
				INFOPLIST_FILE = MOBBINGTests/Info.plist;
				IPHONEOS_DEPLOYMENT_TARGET = 13.2;
				LD_RUNPATH_SEARCH_PATHS = (
					"$(inherited)",
					"@executable_path/Frameworks",
					"@loader_path/Frameworks",
				);
				PRODUCT_BUNDLE_IDENTIFIER = luisangeles.MOBBINGTests;
				PRODUCT_NAME = "$(TARGET_NAME)";
				SWIFT_VERSION = 5.0;
				TARGETED_DEVICE_FAMILY = "1,2";
				TEST_HOST = "$(BUILT_PRODUCTS_DIR)/MOBBING.app/MOBBING";
			};
			name = Debug;
		};
		88C63A8E255B2CD7006DB84C /* Release */ = {
			isa = XCBuildConfiguration;
			buildSettings = {
				ALWAYS_EMBED_SWIFT_STANDARD_LIBRARIES = YES;
				BUNDLE_LOADER = "$(TEST_HOST)";
				CODE_SIGN_STYLE = Automatic;
				INFOPLIST_FILE = MOBBINGTests/Info.plist;
				IPHONEOS_DEPLOYMENT_TARGET = 13.2;
				LD_RUNPATH_SEARCH_PATHS = (
					"$(inherited)",
					"@executable_path/Frameworks",
					"@loader_path/Frameworks",
				);
				PRODUCT_BUNDLE_IDENTIFIER = luisangeles.MOBBINGTests;
				PRODUCT_NAME = "$(TARGET_NAME)";
				SWIFT_VERSION = 5.0;
				TARGETED_DEVICE_FAMILY = "1,2";
				TEST_HOST = "$(BUILT_PRODUCTS_DIR)/MOBBING.app/MOBBING";
			};
			name = Release;
		};
		88C63A90255B2CD7006DB84C /* Debug */ = {
			isa = XCBuildConfiguration;
			buildSettings = {
				ALWAYS_EMBED_SWIFT_STANDARD_LIBRARIES = YES;
				CODE_SIGN_STYLE = Automatic;
				INFOPLIST_FILE = MOBBINGUITests/Info.plist;
				LD_RUNPATH_SEARCH_PATHS = (
					"$(inherited)",
					"@executable_path/Frameworks",
					"@loader_path/Frameworks",
				);
				PRODUCT_BUNDLE_IDENTIFIER = luisangeles.MOBBINGUITests;
				PRODUCT_NAME = "$(TARGET_NAME)";
				SWIFT_VERSION = 5.0;
				TARGETED_DEVICE_FAMILY = "1,2";
				TEST_TARGET_NAME = MOBBING;
			};
			name = Debug;
		};
		88C63A91255B2CD7006DB84C /* Release */ = {
			isa = XCBuildConfiguration;
			buildSettings = {
				ALWAYS_EMBED_SWIFT_STANDARD_LIBRARIES = YES;
				CODE_SIGN_STYLE = Automatic;
				INFOPLIST_FILE = MOBBINGUITests/Info.plist;
				LD_RUNPATH_SEARCH_PATHS = (
					"$(inherited)",
					"@executable_path/Frameworks",
					"@loader_path/Frameworks",
				);
				PRODUCT_BUNDLE_IDENTIFIER = luisangeles.MOBBINGUITests;
				PRODUCT_NAME = "$(TARGET_NAME)";
				SWIFT_VERSION = 5.0;
				TARGETED_DEVICE_FAMILY = "1,2";
				TEST_TARGET_NAME = MOBBING;
			};
			name = Release;
		};
/* End XCBuildConfiguration section */

/* Begin XCConfigurationList section */
		88C63A5A255B2CD5006DB84C /* Build configuration list for PBXProject "MOBBING" */ = {
			isa = XCConfigurationList;
			buildConfigurations = (
				88C63A87255B2CD7006DB84C /* Debug */,
				88C63A88255B2CD7006DB84C /* Release */,
			);
			defaultConfigurationIsVisible = 0;
			defaultConfigurationName = Release;
		};
		88C63A89255B2CD7006DB84C /* Build configuration list for PBXNativeTarget "MOBBING" */ = {
			isa = XCConfigurationList;
			buildConfigurations = (
				88C63A8A255B2CD7006DB84C /* Debug */,
				88C63A8B255B2CD7006DB84C /* Release */,
			);
			defaultConfigurationIsVisible = 0;
			defaultConfigurationName = Release;
		};
		88C63A8C255B2CD7006DB84C /* Build configuration list for PBXNativeTarget "MOBBINGTests" */ = {
			isa = XCConfigurationList;
			buildConfigurations = (
				88C63A8D255B2CD7006DB84C /* Debug */,
				88C63A8E255B2CD7006DB84C /* Release */,
			);
			defaultConfigurationIsVisible = 0;
			defaultConfigurationName = Release;
		};
		88C63A8F255B2CD7006DB84C /* Build configuration list for PBXNativeTarget "MOBBINGUITests" */ = {
			isa = XCConfigurationList;
			buildConfigurations = (
				88C63A90255B2CD7006DB84C /* Debug */,
				88C63A91255B2CD7006DB84C /* Release */,
			);
			defaultConfigurationIsVisible = 0;
			defaultConfigurationName = Release;
		};
/* End XCConfigurationList section */
	};
	rootObject = 88C63A57255B2CD5006DB84C /* Project object */;
}
